PODS:
  - Alamofire (4.7.2)

DEPENDENCIES:
  - Alamofire (from `https://github.com/Alamofire/Alamofire.git`)

EXTERNAL SOURCES:
  Alamofire:
    :git: https://github.com/Alamofire/Alamofire.git

CHECKOUT OPTIONS:
  Alamofire:
    :commit: 2fb881a1702cb1976c36192aceb54dcedab6fdc2
    :git: https://github.com/Alamofire/Alamofire.git

SPEC CHECKSUMS:
  Alamofire: e4fa87002c137ba2d8d634d2c51fabcda0d5c223

PODFILE CHECKSUM: 382b4b2a3b6d52f8d875ca02c7e1ace7de672998

COCOAPODS: 1.5.0
