// !$*UTF8*$!
{
	archiveVersion = 1;
	classes = {
	};
	objectVersion = 50;
	objects = {

/* Begin PBXBuildFile section */
		4C60EAE3E00232B007C59BC1 /* Pods_rainishinyTests.framework in Frameworks */ = {isa = PBXBuildFile; fileRef = 2FCC5712B808C2F4156B900B /* Pods_rainishinyTests.framework */; };
		88DF01784EBB1C1991EC5DBD /* Pods_rainishinyUITests.framework in Frameworks */ = {isa = PBXBuildFile; fileRef = F358E05DAC9B46D6988A917A /* Pods_rainishinyUITests.framework */; };
		D52E276EFA99215D0A31C4E6 /* Pods_rainishiny.framework in Frameworks */ = {isa = PBXBuildFile; fileRef = 7CDAA17255B2F7D8C74F0F0A /* Pods_rainishiny.framework */; };
		E84743BE20A15EFF00E5A3EB /* AppDelegate.swift in Sources */ = {isa = PBXBuildFile; fileRef = E84743BD20A15EFF00E5A3EB /* AppDelegate.swift */; };
		E84743C020A15EFF00E5A3EB /* WeatherVC.swift in Sources */ = {isa = PBXBuildFile; fileRef = E84743BF20A15EFF00E5A3EB /* WeatherVC.swift */; };
		E84743C320A15EFF00E5A3EB /* Main.storyboard in Resources */ = {isa = PBXBuildFile; fileRef = E84743C120A15EFF00E5A3EB /* Main.storyboard */; };
		E84743C520A15F0100E5A3EB /* Assets.xcassets in Resources */ = {isa = PBXBuildFile; fileRef = E84743C420A15F0100E5A3EB /* Assets.xcassets */; };
		E84743C820A15F0100E5A3EB /* LaunchScreen.storyboard in Resources */ = {isa = PBXBuildFile; fileRef = E84743C620A15F0100E5A3EB /* LaunchScreen.storyboard */; };
		E84743D320A15F0100E5A3EB /* rainishinyTests.swift in Sources */ = {isa = PBXBuildFile; fileRef = E84743D220A15F0100E5A3EB /* rainishinyTests.swift */; };
		E84743DE20A15F0100E5A3EB /* rainishinyUITests.swift in Sources */ = {isa = PBXBuildFile; fileRef = E84743DD20A15F0100E5A3EB /* rainishinyUITests.swift */; };
		E88EC3D920A1830700970610 /* Constants.swift in Sources */ = {isa = PBXBuildFile; fileRef = E88EC3D820A1830700970610 /* Constants.swift */; };
		E88EC3DB20A1856F00970610 /* CurrentWeather.swift in Sources */ = {isa = PBXBuildFile; fileRef = E88EC3DA20A1856F00970610 /* CurrentWeather.swift */; };
		E88EC3DD20A2A3B800970610 /* Forecast.swift in Sources */ = {isa = PBXBuildFile; fileRef = E88EC3DC20A2A3B800970610 /* Forecast.swift */; };
		E88EC3DF20A55B1A00970610 /* WeatherCell.swift in Sources */ = {isa = PBXBuildFile; fileRef = E88EC3DE20A55B1A00970610 /* WeatherCell.swift */; };
		E88EC3E120A5645300970610 /* Location.swift in Sources */ = {isa = PBXBuildFile; fileRef = E88EC3E020A5645300970610 /* Location.swift */; };
/* End PBXBuildFile section */

/* Begin PBXContainerItemProxy section */
		E84743CF20A15F0100E5A3EB /* PBXContainerItemProxy */ = {
			isa = PBXContainerItemProxy;
			containerPortal = E84743B220A15EFF00E5A3EB /* Project object */;
			proxyType = 1;
			remoteGlobalIDString = E84743B920A15EFF00E5A3EB;
			remoteInfo = rainishiny;
		};
		E84743DA20A15F0100E5A3EB /* PBXContainerItemProxy */ = {
			isa = PBXContainerItemProxy;
			containerPortal = E84743B220A15EFF00E5A3EB /* Project object */;
			proxyType = 1;
			remoteGlobalIDString = E84743B920A15EFF00E5A3EB;
			remoteInfo = rainishiny;
		};
/* End PBXContainerItemProxy section */

/* Begin PBXFileReference section */
		209DF928937DB502DDEFDFA5 /* Pods-rainishiny.debug.xcconfig */ = {isa = PBXFileReference; includeInIndex = 1; lastKnownFileType = text.xcconfig; name = "Pods-rainishiny.debug.xcconfig"; path = "Pods/Target Support Files/Pods-rainishiny/Pods-rainishiny.debug.xcconfig"; sourceTree = "<group>"; };
		2FCC5712B808C2F4156B900B /* Pods_rainishinyTests.framework */ = {isa = PBXFileReference; explicitFileType = wrapper.framework; includeInIndex = 0; path = Pods_rainishinyTests.framework; sourceTree = BUILT_PRODUCTS_DIR; };
		4A8C42E7113E5EFFA3063898 /* Pods-rainishinyTests.release.xcconfig */ = {isa = PBXFileReference; includeInIndex = 1; lastKnownFileType = text.xcconfig; name = "Pods-rainishinyTests.release.xcconfig"; path = "Pods/Target Support Files/Pods-rainishinyTests/Pods-rainishinyTests.release.xcconfig"; sourceTree = "<group>"; };
		7995BE1F6B4500B6E54A25FD /* Pods-rainishinyTests.debug.xcconfig */ = {isa = PBXFileReference; includeInIndex = 1; lastKnownFileType = text.xcconfig; name = "Pods-rainishinyTests.debug.xcconfig"; path = "Pods/Target Support Files/Pods-rainishinyTests/Pods-rainishinyTests.debug.xcconfig"; sourceTree = "<group>"; };
		7C2246882702694D9DC2564A /* Pods-rainishinyUITests.release.xcconfig */ = {isa = PBXFileReference; includeInIndex = 1; lastKnownFileType = text.xcconfig; name = "Pods-rainishinyUITests.release.xcconfig"; path = "Pods/Target Support Files/Pods-rainishinyUITests/Pods-rainishinyUITests.release.xcconfig"; sourceTree = "<group>"; };
		7CDAA17255B2F7D8C74F0F0A /* Pods_rainishiny.framework */ = {isa = PBXFileReference; explicitFileType = wrapper.framework; includeInIndex = 0; path = Pods_rainishiny.framework; sourceTree = BUILT_PRODUCTS_DIR; };
		CCB1173853CC0A4E056D1599 /* Pods-rainishiny.release.xcconfig */ = {isa = PBXFileReference; includeInIndex = 1; lastKnownFileType = text.xcconfig; name = "Pods-rainishiny.release.xcconfig"; path = "Pods/Target Support Files/Pods-rainishiny/Pods-rainishiny.release.xcconfig"; sourceTree = "<group>"; };
		E84743BA20A15EFF00E5A3EB /* rainishiny.app */ = {isa = PBXFileReference; explicitFileType = wrapper.application; includeInIndex = 0; path = rainishiny.app; sourceTree = BUILT_PRODUCTS_DIR; };
		E84743BD20A15EFF00E5A3EB /* AppDelegate.swift */ = {isa = PBXFileReference; lastKnownFileType = sourcecode.swift; path = AppDelegate.swift; sourceTree = "<group>"; };
		E84743BF20A15EFF00E5A3EB /* WeatherVC.swift */ = {isa = PBXFileReference; lastKnownFileType = sourcecode.swift; path = WeatherVC.swift; sourceTree = "<group>"; };
		E84743C220A15EFF00E5A3EB /* Base */ = {isa = PBXFileReference; lastKnownFileType = file.storyboard; name = Base; path = Base.lproj/Main.storyboard; sourceTree = "<group>"; };
		E84743C420A15F0100E5A3EB /* Assets.xcassets */ = {isa = PBXFileReference; lastKnownFileType = folder.assetcatalog; path = Assets.xcassets; sourceTree = "<group>"; };
		E84743C720A15F0100E5A3EB /* Base */ = {isa = PBXFileReference; lastKnownFileType = file.storyboard; name = Base; path = Base.lproj/LaunchScreen.storyboard; sourceTree = "<group>"; };
		E84743C920A15F0100E5A3EB /* Info.plist */ = {isa = PBXFileReference; lastKnownFileType = text.plist.xml; path = Info.plist; sourceTree = "<group>"; };
		E84743CE20A15F0100E5A3EB /* rainishinyTests.xctest */ = {isa = PBXFileReference; explicitFileType = wrapper.cfbundle; includeInIndex = 0; path = rainishinyTests.xctest; sourceTree = BUILT_PRODUCTS_DIR; };
		E84743D220A15F0100E5A3EB /* rainishinyTests.swift */ = {isa = PBXFileReference; lastKnownFileType = sourcecode.swift; path = rainishinyTests.swift; sourceTree = "<group>"; };
		E84743D420A15F0100E5A3EB /* Info.plist */ = {isa = PBXFileReference; lastKnownFileType = text.plist.xml; path = Info.plist; sourceTree = "<group>"; };
		E84743D920A15F0100E5A3EB /* rainishinyUITests.xctest */ = {isa = PBXFileReference; explicitFileType = wrapper.cfbundle; includeInIndex = 0; path = rainishinyUITests.xctest; sourceTree = BUILT_PRODUCTS_DIR; };
		E84743DD20A15F0100E5A3EB /* rainishinyUITests.swift */ = {isa = PBXFileReference; lastKnownFileType = sourcecode.swift; path = rainishinyUITests.swift; sourceTree = "<group>"; };
		E84743DF20A15F0100E5A3EB /* Info.plist */ = {isa = PBXFileReference; lastKnownFileType = text.plist.xml; path = Info.plist; sourceTree = "<group>"; };
		E88EC3D820A1830700970610 /* Constants.swift */ = {isa = PBXFileReference; lastKnownFileType = sourcecode.swift; path = Constants.swift; sourceTree = "<group>"; };
		E88EC3DA20A1856F00970610 /* CurrentWeather.swift */ = {isa = PBXFileReference; lastKnownFileType = sourcecode.swift; path = CurrentWeather.swift; sourceTree = "<group>"; };
		E88EC3DC20A2A3B800970610 /* Forecast.swift */ = {isa = PBXFileReference; lastKnownFileType = sourcecode.swift; path = Forecast.swift; sourceTree = "<group>"; };
		E88EC3DE20A55B1A00970610 /* WeatherCell.swift */ = {isa = PBXFileReference; lastKnownFileType = sourcecode.swift; path = WeatherCell.swift; sourceTree = "<group>"; };
		E88EC3E020A5645300970610 /* Location.swift */ = {isa = PBXFileReference; lastKnownFileType = sourcecode.swift; path = Location.swift; sourceTree = "<group>"; };
		EEA423B334B829B16F537C7B /* Pods-rainishinyUITests.debug.xcconfig */ = {isa = PBXFileReference; includeInIndex = 1; lastKnownFileType = text.xcconfig; name = "Pods-rainishinyUITests.debug.xcconfig"; path = "Pods/Target Support Files/Pods-rainishinyUITests/Pods-rainishinyUITests.debug.xcconfig"; sourceTree = "<group>"; };
		F358E05DAC9B46D6988A917A /* Pods_rainishinyUITests.framework */ = {isa = PBXFileReference; explicitFileType = wrapper.framework; includeInIndex = 0; path = Pods_rainishinyUITests.framework; sourceTree = BUILT_PRODUCTS_DIR; };
/* End PBXFileReference section */

/* Begin PBXFrameworksBuildPhase section */
		E84743B720A15EFF00E5A3EB /* Frameworks */ = {
			isa = PBXFrameworksBuildPhase;
			buildActionMask = 2147483647;
			files = (
				D52E276EFA99215D0A31C4E6 /* Pods_rainishiny.framework in Frameworks */,
			);
			runOnlyForDeploymentPostprocessing = 0;
		};
		E84743CB20A15F0100E5A3EB /* Frameworks */ = {
			isa = PBXFrameworksBuildPhase;
			buildActionMask = 2147483647;
			files = (
				4C60EAE3E00232B007C59BC1 /* Pods_rainishinyTests.framework in Frameworks */,
			);
			runOnlyForDeploymentPostprocessing = 0;
		};
		E84743D620A15F0100E5A3EB /* Frameworks */ = {
			isa = PBXFrameworksBuildPhase;
			buildActionMask = 2147483647;
			files = (
				88DF01784EBB1C1991EC5DBD /* Pods_rainishinyUITests.framework in Frameworks */,
			);
			runOnlyForDeploymentPostprocessing = 0;
		};
/* End PBXFrameworksBuildPhase section */

/* Begin PBXGroup section */
		A54DBDDAE28B6CF341C3AA31 /* Frameworks */ = {
			isa = PBXGroup;
			children = (
				7CDAA17255B2F7D8C74F0F0A /* Pods_rainishiny.framework */,
				2FCC5712B808C2F4156B900B /* Pods_rainishinyTests.framework */,
				F358E05DAC9B46D6988A917A /* Pods_rainishinyUITests.framework */,
			);
			name = Frameworks;
			sourceTree = "<group>";
		};
		C023D99BF8A4612C8F9498FE /* Pods */ = {
			isa = PBXGroup;
			children = (
				209DF928937DB502DDEFDFA5 /* Pods-rainishiny.debug.xcconfig */,
				CCB1173853CC0A4E056D1599 /* Pods-rainishiny.release.xcconfig */,
				7995BE1F6B4500B6E54A25FD /* Pods-rainishinyTests.debug.xcconfig */,
				4A8C42E7113E5EFFA3063898 /* Pods-rainishinyTests.release.xcconfig */,
				EEA423B334B829B16F537C7B /* Pods-rainishinyUITests.debug.xcconfig */,
				7C2246882702694D9DC2564A /* Pods-rainishinyUITests.release.xcconfig */,
			);
			name = Pods;
			sourceTree = "<group>";
		};
		E84743B120A15EFF00E5A3EB = {
			isa = PBXGroup;
			children = (
				E84743BC20A15EFF00E5A3EB /* rainishiny */,
				E84743D120A15F0100E5A3EB /* rainishinyTests */,
				E84743DC20A15F0100E5A3EB /* rainishinyUITests */,
				E84743BB20A15EFF00E5A3EB /* Products */,
				C023D99BF8A4612C8F9498FE /* Pods */,
				A54DBDDAE28B6CF341C3AA31 /* Frameworks */,
			);
			sourceTree = "<group>";
		};
		E84743BB20A15EFF00E5A3EB /* Products */ = {
			isa = PBXGroup;
			children = (
				E84743BA20A15EFF00E5A3EB /* rainishiny.app */,
				E84743CE20A15F0100E5A3EB /* rainishinyTests.xctest */,
				E84743D920A15F0100E5A3EB /* rainishinyUITests.xctest */,
			);
			name = Products;
			sourceTree = "<group>";
		};
		E84743BC20A15EFF00E5A3EB /* rainishiny */ = {
			isa = PBXGroup;
			children = (
				E84743BD20A15EFF00E5A3EB /* AppDelegate.swift */,
				E84743BF20A15EFF00E5A3EB /* WeatherVC.swift */,
				E84743C120A15EFF00E5A3EB /* Main.storyboard */,
				E84743C420A15F0100E5A3EB /* Assets.xcassets */,
				E84743C620A15F0100E5A3EB /* LaunchScreen.storyboard */,
				E84743C920A15F0100E5A3EB /* Info.plist */,
				E88EC3D820A1830700970610 /* Constants.swift */,
				E88EC3DA20A1856F00970610 /* CurrentWeather.swift */,
				E88EC3DC20A2A3B800970610 /* Forecast.swift */,
				E88EC3DE20A55B1A00970610 /* WeatherCell.swift */,
				E88EC3E020A5645300970610 /* Location.swift */,
			);
			path = rainishiny;
			sourceTree = "<group>";
		};
		E84743D120A15F0100E5A3EB /* rainishinyTests */ = {
			isa = PBXGroup;
			children = (
				E84743D220A15F0100E5A3EB /* rainishinyTests.swift */,
				E84743D420A15F0100E5A3EB /* Info.plist */,
			);
			path = rainishinyTests;
			sourceTree = "<group>";
		};
		E84743DC20A15F0100E5A3EB /* rainishinyUITests */ = {
			isa = PBXGroup;
			children = (
				E84743DD20A15F0100E5A3EB /* rainishinyUITests.swift */,
				E84743DF20A15F0100E5A3EB /* Info.plist */,
			);
			path = rainishinyUITests;
			sourceTree = "<group>";
		};
/* End PBXGroup section */

/* Begin PBXNativeTarget section */
		E84743B920A15EFF00E5A3EB /* rainishiny */ = {
			isa = PBXNativeTarget;
			buildConfigurationList = E84743E220A15F0100E5A3EB /* Build configuration list for PBXNativeTarget "rainishiny" */;
			buildPhases = (
				B7E43E0FC914710A2480650C /* [CP] Check Pods Manifest.lock */,
				E84743B620A15EFF00E5A3EB /* Sources */,
				E84743B720A15EFF00E5A3EB /* Frameworks */,
				E84743B820A15EFF00E5A3EB /* Resources */,
				8A4D9E72FE69DADBB5738780 /* [CP] Embed Pods Frameworks */,
			);
			buildRules = (
			);
			dependencies = (
			);
			name = rainishiny;
			productName = rainishiny;
			productReference = E84743BA20A15EFF00E5A3EB /* rainishiny.app */;
			productType = "com.apple.product-type.application";
		};
		E84743CD20A15F0100E5A3EB /* rainishinyTests */ = {
			isa = PBXNativeTarget;
			buildConfigurationList = E84743E520A15F0100E5A3EB /* Build configuration list for PBXNativeTarget "rainishinyTests" */;
			buildPhases = (
				D802C1E3952534CC53240D68 /* [CP] Check Pods Manifest.lock */,
				E84743CA20A15F0100E5A3EB /* Sources */,
				E84743CB20A15F0100E5A3EB /* Frameworks */,
				E84743CC20A15F0100E5A3EB /* Resources */,
			);
			buildRules = (
			);
			dependencies = (
				E84743D020A15F0100E5A3EB /* PBXTargetDependency */,
			);
			name = rainishinyTests;
			productName = rainishinyTests;
			productReference = E84743CE20A15F0100E5A3EB /* rainishinyTests.xctest */;
			productType = "com.apple.product-type.bundle.unit-test";
		};
		E84743D820A15F0100E5A3EB /* rainishinyUITests */ = {
			isa = PBXNativeTarget;
			buildConfigurationList = E84743E820A15F0100E5A3EB /* Build configuration list for PBXNativeTarget "rainishinyUITests" */;
			buildPhases = (
				882FCB846C9C22D089CD0137 /* [CP] Check Pods Manifest.lock */,
				E84743D520A15F0100E5A3EB /* Sources */,
				E84743D620A15F0100E5A3EB /* Frameworks */,
				E84743D720A15F0100E5A3EB /* Resources */,
			);
			buildRules = (
			);
			dependencies = (
				E84743DB20A15F0100E5A3EB /* PBXTargetDependency */,
			);
			name = rainishinyUITests;
			productName = rainishinyUITests;
			productReference = E84743D920A15F0100E5A3EB /* rainishinyUITests.xctest */;
			productType = "com.apple.product-type.bundle.ui-testing";
		};
/* End PBXNativeTarget section */

/* Begin PBXProject section */
		E84743B220A15EFF00E5A3EB /* Project object */ = {
			isa = PBXProject;
			attributes = {
				LastSwiftUpdateCheck = 0930;
				LastUpgradeCheck = 0930;
				ORGANIZATIONNAME = "Jose Hernandez";
				TargetAttributes = {
					E84743B920A15EFF00E5A3EB = {
						CreatedOnToolsVersion = 9.3;
					};
					E84743CD20A15F0100E5A3EB = {
						CreatedOnToolsVersion = 9.3;
						TestTargetID = E84743B920A15EFF00E5A3EB;
					};
					E84743D820A15F0100E5A3EB = {
						CreatedOnToolsVersion = 9.3;
						TestTargetID = E84743B920A15EFF00E5A3EB;
					};
				};
			};
			buildConfigurationList = E84743B520A15EFF00E5A3EB /* Build configuration list for PBXProject "rainishiny" */;
			compatibilityVersion = "Xcode 9.3";
			developmentRegion = en;
			hasScannedForEncodings = 0;
			knownRegions = (
				en,
				Base,
			);
			mainGroup = E84743B120A15EFF00E5A3EB;
			productRefGroup = E84743BB20A15EFF00E5A3EB /* Products */;
			projectDirPath = "";
			projectRoot = "";
			targets = (
				E84743B920A15EFF00E5A3EB /* rainishiny */,
				E84743CD20A15F0100E5A3EB /* rainishinyTests */,
				E84743D820A15F0100E5A3EB /* rainishinyUITests */,
			);
		};
/* End PBXProject section */

/* Begin PBXResourcesBuildPhase section */
		E84743B820A15EFF00E5A3EB /* Resources */ = {
			isa = PBXResourcesBuildPhase;
			buildActionMask = 2147483647;
			files = (
				E84743C820A15F0100E5A3EB /* LaunchScreen.storyboard in Resources */,
				E84743C520A15F0100E5A3EB /* Assets.xcassets in Resources */,
				E84743C320A15EFF00E5A3EB /* Main.storyboard in Resources */,
			);
			runOnlyForDeploymentPostprocessing = 0;
		};
		E84743CC20A15F0100E5A3EB /* Resources */ = {
			isa = PBXResourcesBuildPhase;
			buildActionMask = 2147483647;
			files = (
			);
			runOnlyForDeploymentPostprocessing = 0;
		};
		E84743D720A15F0100E5A3EB /* Resources */ = {
			isa = PBXResourcesBuildPhase;
			buildActionMask = 2147483647;
			files = (
			);
			runOnlyForDeploymentPostprocessing = 0;
		};
/* End PBXResourcesBuildPhase section */

/* Begin PBXShellScriptBuildPhase section */
		882FCB846C9C22D089CD0137 /* [CP] Check Pods Manifest.lock */ = {
			isa = PBXShellScriptBuildPhase;
			buildActionMask = 2147483647;
			files = (
			);
			inputPaths = (
				"${PODS_PODFILE_DIR_PATH}/Podfile.lock",
				"${PODS_ROOT}/Manifest.lock",
			);
			name = "[CP] Check Pods Manifest.lock";
			outputPaths = (
				"$(DERIVED_FILE_DIR)/Pods-rainishinyUITests-checkManifestLockResult.txt",
			);
			runOnlyForDeploymentPostprocessing = 0;
			shellPath = /bin/sh;
			shellScript = "diff \"${PODS_PODFILE_DIR_PATH}/Podfile.lock\" \"${PODS_ROOT}/Manifest.lock\" > /dev/null\nif [ $? != 0 ] ; then\n    # print error to STDERR\n    echo \"error: The sandbox is not in sync with the Podfile.lock. Run 'pod install' or update your CocoaPods installation.\" >&2\n    exit 1\nfi\n# This output is used by Xcode 'outputs' to avoid re-running this script phase.\necho \"SUCCESS\" > \"${SCRIPT_OUTPUT_FILE_0}\"\n";
			showEnvVarsInLog = 0;
		};
		8A4D9E72FE69DADBB5738780 /* [CP] Embed Pods Frameworks */ = {
			isa = PBXShellScriptBuildPhase;
			buildActionMask = 2147483647;
			files = (
			);
			inputPaths = (
				"${SRCROOT}/Pods/Target Support Files/Pods-rainishiny/Pods-rainishiny-frameworks.sh",
				"${BUILT_PRODUCTS_DIR}/Alamofire/Alamofire.framework",
			);
			name = "[CP] Embed Pods Frameworks";
			outputPaths = (
				"${TARGET_BUILD_DIR}/${FRAMEWORKS_FOLDER_PATH}/Alamofire.framework",
			);
			runOnlyForDeploymentPostprocessing = 0;
			shellPath = /bin/sh;
			shellScript = "\"${SRCROOT}/Pods/Target Support Files/Pods-rainishiny/Pods-rainishiny-frameworks.sh\"\n";
			showEnvVarsInLog = 0;
		};
		B7E43E0FC914710A2480650C /* [CP] Check Pods Manifest.lock */ = {
			isa = PBXShellScriptBuildPhase;
			buildActionMask = 2147483647;
			files = (
			);
			inputPaths = (
				"${PODS_PODFILE_DIR_PATH}/Podfile.lock",
				"${PODS_ROOT}/Manifest.lock",
			);
			name = "[CP] Check Pods Manifest.lock";
			outputPaths = (
				"$(DERIVED_FILE_DIR)/Pods-rainishiny-checkManifestLockResult.txt",
			);
			runOnlyForDeploymentPostprocessing = 0;
			shellPath = /bin/sh;
			shellScript = "diff \"${PODS_PODFILE_DIR_PATH}/Podfile.lock\" \"${PODS_ROOT}/Manifest.lock\" > /dev/null\nif [ $? != 0 ] ; then\n    # print error to STDERR\n    echo \"error: The sandbox is not in sync with the Podfile.lock. Run 'pod install' or update your CocoaPods installation.\" >&2\n    exit 1\nfi\n# This output is used by Xcode 'outputs' to avoid re-running this script phase.\necho \"SUCCESS\" > \"${SCRIPT_OUTPUT_FILE_0}\"\n";
			showEnvVarsInLog = 0;
		};
		D802C1E3952534CC53240D68 /* [CP] Check Pods Manifest.lock */ = {
			isa = PBXShellScriptBuildPhase;
			buildActionMask = 2147483647;
			files = (
			);
			inputPaths = (
				"${PODS_PODFILE_DIR_PATH}/Podfile.lock",
				"${PODS_ROOT}/Manifest.lock",
			);
			name = "[CP] Check Pods Manifest.lock";
			outputPaths = (
				"$(DERIVED_FILE_DIR)/Pods-rainishinyTests-checkManifestLockResult.txt",
			);
			runOnlyForDeploymentPostprocessing = 0;
			shellPath = /bin/sh;
			shellScript = "diff \"${PODS_PODFILE_DIR_PATH}/Podfile.lock\" \"${PODS_ROOT}/Manifest.lock\" > /dev/null\nif [ $? != 0 ] ; then\n    # print error to STDERR\n    echo \"error: The sandbox is not in sync with the Podfile.lock. Run 'pod install' or update your CocoaPods installation.\" >&2\n    exit 1\nfi\n# This output is used by Xcode 'outputs' to avoid re-running this script phase.\necho \"SUCCESS\" > \"${SCRIPT_OUTPUT_FILE_0}\"\n";
			showEnvVarsInLog = 0;
		};
/* End PBXShellScriptBuildPhase section */

/* Begin PBXSourcesBuildPhase section */
		E84743B620A15EFF00E5A3EB /* Sources */ = {
			isa = PBXSourcesBuildPhase;
			buildActionMask = 2147483647;
			files = (
				E84743C020A15EFF00E5A3EB /* WeatherVC.swift in Sources */,
				E84743BE20A15EFF00E5A3EB /* AppDelegate.swift in Sources */,
				E88EC3DF20A55B1A00970610 /* WeatherCell.swift in Sources */,
				E88EC3DB20A1856F00970610 /* CurrentWeather.swift in Sources */,
				E88EC3D920A1830700970610 /* Constants.swift in Sources */,
				E88EC3DD20A2A3B800970610 /* Forecast.swift in Sources */,
				E88EC3E120A5645300970610 /* Location.swift in Sources */,
			);
			runOnlyForDeploymentPostprocessing = 0;
		};
		E84743CA20A15F0100E5A3EB /* Sources */ = {
			isa = PBXSourcesBuildPhase;
			buildActionMask = 2147483647;
			files = (
				E84743D320A15F0100E5A3EB /* rainishinyTests.swift in Sources */,
			);
			runOnlyForDeploymentPostprocessing = 0;
		};
		E84743D520A15F0100E5A3EB /* Sources */ = {
			isa = PBXSourcesBuildPhase;
			buildActionMask = 2147483647;
			files = (
				E84743DE20A15F0100E5A3EB /* rainishinyUITests.swift in Sources */,
			);
			runOnlyForDeploymentPostprocessing = 0;
		};
/* End PBXSourcesBuildPhase section */

/* Begin PBXTargetDependency section */
		E84743D020A15F0100E5A3EB /* PBXTargetDependency */ = {
			isa = PBXTargetDependency;
			target = E84743B920A15EFF00E5A3EB /* rainishiny */;
			targetProxy = E84743CF20A15F0100E5A3EB /* PBXContainerItemProxy */;
		};
		E84743DB20A15F0100E5A3EB /* PBXTargetDependency */ = {
			isa = PBXTargetDependency;
			target = E84743B920A15EFF00E5A3EB /* rainishiny */;
			targetProxy = E84743DA20A15F0100E5A3EB /* PBXContainerItemProxy */;
		};
/* End PBXTargetDependency section */

/* Begin PBXVariantGroup section */
		E84743C120A15EFF00E5A3EB /* Main.storyboard */ = {
			isa = PBXVariantGroup;
			children = (
				E84743C220A15EFF00E5A3EB /* Base */,
			);
			name = Main.storyboard;
			sourceTree = "<group>";
		};
		E84743C620A15F0100E5A3EB /* LaunchScreen.storyboard */ = {
			isa = PBXVariantGroup;
			children = (
				E84743C720A15F0100E5A3EB /* Base */,
			);
			name = LaunchScreen.storyboard;
			sourceTree = "<group>";
		};
/* End PBXVariantGroup section */

/* Begin XCBuildConfiguration section */
		E84743E020A15F0100E5A3EB /* Debug */ = {
			isa = XCBuildConfiguration;
			buildSettings = {
				ALWAYS_SEARCH_USER_PATHS = NO;
				CLANG_ANALYZER_NONNULL = YES;
				CLANG_ANALYZER_NUMBER_OBJECT_CONVERSION = YES_AGGRESSIVE;
				CLANG_CXX_LANGUAGE_STANDARD = "gnu++14";
				CLANG_CXX_LIBRARY = "libc++";
				CLANG_ENABLE_MODULES = YES;
				CLANG_ENABLE_OBJC_ARC = YES;
				CLANG_ENABLE_OBJC_WEAK = YES;
				CLANG_WARN_BLOCK_CAPTURE_AUTORELEASING = YES;
				CLANG_WARN_BOOL_CONVERSION = YES;
				CLANG_WARN_COMMA = YES;
				CLANG_WARN_CONSTANT_CONVERSION = YES;
				CLANG_WARN_DEPRECATED_OBJC_IMPLEMENTATIONS = YES;
				CLANG_WARN_DIRECT_OBJC_ISA_USAGE = YES_ERROR;
				CLANG_WARN_DOCUMENTATION_COMMENTS = YES;
				CLANG_WARN_EMPTY_BODY = YES;
				CLANG_WARN_ENUM_CONVERSION = YES;
				CLANG_WARN_INFINITE_RECURSION = YES;
				CLANG_WARN_INT_CONVERSION = YES;
				CLANG_WARN_NON_LITERAL_NULL_CONVERSION = YES;
				CLANG_WARN_OBJC_IMPLICIT_RETAIN_SELF = YES;
				CLANG_WARN_OBJC_LITERAL_CONVERSION = YES;
				CLANG_WARN_OBJC_ROOT_CLASS = YES_ERROR;
				CLANG_WARN_RANGE_LOOP_ANALYSIS = YES;
				CLANG_WARN_STRICT_PROTOTYPES = YES;
				CLANG_WARN_SUSPICIOUS_MOVE = YES;
				CLANG_WARN_UNGUARDED_AVAILABILITY = YES_AGGRESSIVE;
				CLANG_WARN_UNREACHABLE_CODE = YES;
				CLANG_WARN__DUPLICATE_METHOD_MATCH = YES;
				CODE_SIGN_IDENTITY = "iPhone Developer";
				COPY_PHASE_STRIP = NO;
				DEBUG_INFORMATION_FORMAT = dwarf;
				ENABLE_STRICT_OBJC_MSGSEND = YES;
				ENABLE_TESTABILITY = YES;
				GCC_C_LANGUAGE_STANDARD = gnu11;
				GCC_DYNAMIC_NO_PIC = NO;
				GCC_NO_COMMON_BLOCKS = YES;
				GCC_OPTIMIZATION_LEVEL = 0;
				GCC_PREPROCESSOR_DEFINITIONS = (
					"DEBUG=1",
					"$(inherited)",
				);
				GCC_WARN_64_TO_32_BIT_CONVERSION = YES;
				GCC_WARN_ABOUT_RETURN_TYPE = YES_ERROR;
				GCC_WARN_UNDECLARED_SELECTOR = YES;
				GCC_WARN_UNINITIALIZED_AUTOS = YES_AGGRESSIVE;
				GCC_WARN_UNUSED_FUNCTION = YES;
				GCC_WARN_UNUSED_VARIABLE = YES;
				IPHONEOS_DEPLOYMENT_TARGET = 11.3;
				MTL_ENABLE_DEBUG_INFO = YES;
				ONLY_ACTIVE_ARCH = YES;
				SDKROOT = iphoneos;
				SWIFT_ACTIVE_COMPILATION_CONDITIONS = DEBUG;
				SWIFT_OPTIMIZATION_LEVEL = "-Onone";
			};
			name = Debug;
		};
		E84743E120A15F0100E5A3EB /* Release */ = {
			isa = XCBuildConfiguration;
			buildSettings = {
				ALWAYS_SEARCH_USER_PATHS = NO;
				CLANG_ANALYZER_NONNULL = YES;
				CLANG_ANALYZER_NUMBER_OBJECT_CONVERSION = YES_AGGRESSIVE;
				CLANG_CXX_LANGUAGE_STANDARD = "gnu++14";
				CLANG_CXX_LIBRARY = "libc++";
				CLANG_ENABLE_MODULES = YES;
				CLANG_ENABLE_OBJC_ARC = YES;
				CLANG_ENABLE_OBJC_WEAK = YES;
				CLANG_WARN_BLOCK_CAPTURE_AUTORELEASING = YES;
				CLANG_WARN_BOOL_CONVERSION = YES;
				CLANG_WARN_COMMA = YES;
				CLANG_WARN_CONSTANT_CONVERSION = YES;
				CLANG_WARN_DEPRECATED_OBJC_IMPLEMENTATIONS = YES;
				CLANG_WARN_DIRECT_OBJC_ISA_USAGE = YES_ERROR;
				CLANG_WARN_DOCUMENTATION_COMMENTS = YES;
				CLANG_WARN_EMPTY_BODY = YES;
				CLANG_WARN_ENUM_CONVERSION = YES;
				CLANG_WARN_INFINITE_RECURSION = YES;
				CLANG_WARN_INT_CONVERSION = YES;
				CLANG_WARN_NON_LITERAL_NULL_CONVERSION = YES;
				CLANG_WARN_OBJC_IMPLICIT_RETAIN_SELF = YES;
				CLANG_WARN_OBJC_LITERAL_CONVERSION = YES;
				CLANG_WARN_OBJC_ROOT_CLASS = YES_ERROR;
				CLANG_WARN_RANGE_LOOP_ANALYSIS = YES;
				CLANG_WARN_STRICT_PROTOTYPES = YES;
				CLANG_WARN_SUSPICIOUS_MOVE = YES;
				CLANG_WARN_UNGUARDED_AVAILABILITY = YES_AGGRESSIVE;
				CLANG_WARN_UNREACHABLE_CODE = YES;
				CLANG_WARN__DUPLICATE_METHOD_MATCH = YES;
				CODE_SIGN_IDENTITY = "iPhone Developer";
				COPY_PHASE_STRIP = NO;
				DEBUG_INFORMATION_FORMAT = "dwarf-with-dsym";
				ENABLE_NS_ASSERTIONS = NO;
				ENABLE_STRICT_OBJC_MSGSEND = YES;
				GCC_C_LANGUAGE_STANDARD = gnu11;
				GCC_NO_COMMON_BLOCKS = YES;
				GCC_WARN_64_TO_32_BIT_CONVERSION = YES;
				GCC_WARN_ABOUT_RETURN_TYPE = YES_ERROR;
				GCC_WARN_UNDECLARED_SELECTOR = YES;
				GCC_WARN_UNINITIALIZED_AUTOS = YES_AGGRESSIVE;
				GCC_WARN_UNUSED_FUNCTION = YES;
				GCC_WARN_UNUSED_VARIABLE = YES;
				IPHONEOS_DEPLOYMENT_TARGET = 11.3;
				MTL_ENABLE_DEBUG_INFO = NO;
				SDKROOT = iphoneos;
				SWIFT_COMPILATION_MODE = wholemodule;
				SWIFT_OPTIMIZATION_LEVEL = "-O";
				VALIDATE_PRODUCT = YES;
			};
			name = Release;
		};
		E84743E320A15F0100E5A3EB /* Debug */ = {
			isa = XCBuildConfiguration;
			baseConfigurationReference = 209DF928937DB502DDEFDFA5 /* Pods-rainishiny.debug.xcconfig */;
			buildSettings = {
				ASSETCATALOG_COMPILER_APPICON_NAME = AppIcon;
				CODE_SIGN_STYLE = Automatic;
				DEVELOPMENT_TEAM = JX4QP885US;
				INFOPLIST_FILE = rainishiny/Info.plist;
				IPHONEOS_DEPLOYMENT_TARGET = 11.0;
				LD_RUNPATH_SEARCH_PATHS = (
					"$(inherited)",
					"@executable_path/Frameworks",
				);
				PRODUCT_BUNDLE_IDENTIFIER = com.josehernandez.rainishiny;
				PRODUCT_NAME = "$(TARGET_NAME)";
				SWIFT_VERSION = 4.0;
				TARGETED_DEVICE_FAMILY = "1,2";
			};
			name = Debug;
		};
		E84743E420A15F0100E5A3EB /* Release */ = {
			isa = XCBuildConfiguration;
			baseConfigurationReference = CCB1173853CC0A4E056D1599 /* Pods-rainishiny.release.xcconfig */;
			buildSettings = {
				ASSETCATALOG_COMPILER_APPICON_NAME = AppIcon;
				CODE_SIGN_STYLE = Automatic;
				DEVELOPMENT_TEAM = JX4QP885US;
				INFOPLIST_FILE = rainishiny/Info.plist;
				IPHONEOS_DEPLOYMENT_TARGET = 11.0;
				LD_RUNPATH_SEARCH_PATHS = (
					"$(inherited)",
					"@executable_path/Frameworks",
				);
				PRODUCT_BUNDLE_IDENTIFIER = com.josehernandez.rainishiny;
				PRODUCT_NAME = "$(TARGET_NAME)";
				SWIFT_VERSION = 4.0;
				TARGETED_DEVICE_FAMILY = "1,2";
			};
			name = Release;
		};
		E84743E620A15F0100E5A3EB /* Debug */ = {
			isa = XCBuildConfiguration;
			baseConfigurationReference = 7995BE1F6B4500B6E54A25FD /* Pods-rainishinyTests.debug.xcconfig */;
			buildSettings = {
				ALWAYS_EMBED_SWIFT_STANDARD_LIBRARIES = YES;
				BUNDLE_LOADER = "$(TEST_HOST)";
				CODE_SIGN_STYLE = Automatic;
				INFOPLIST_FILE = rainishinyTests/Info.plist;
				LD_RUNPATH_SEARCH_PATHS = (
					"$(inherited)",
					"@executable_path/Frameworks",
					"@loader_path/Frameworks",
				);
				PRODUCT_BUNDLE_IDENTIFIER = com.josehernandez.rainishinyTests;
				PRODUCT_NAME = "$(TARGET_NAME)";
				SWIFT_VERSION = 4.0;
				TARGETED_DEVICE_FAMILY = "1,2";
				TEST_HOST = "$(BUILT_PRODUCTS_DIR)/rainishiny.app/rainishiny";
			};
			name = Debug;
		};
		E84743E720A15F0100E5A3EB /* Release */ = {
			isa = XCBuildConfiguration;
			baseConfigurationReference = 4A8C42E7113E5EFFA3063898 /* Pods-rainishinyTests.release.xcconfig */;
			buildSettings = {
				ALWAYS_EMBED_SWIFT_STANDARD_LIBRARIES = YES;
				BUNDLE_LOADER = "$(TEST_HOST)";
				CODE_SIGN_STYLE = Automatic;
				INFOPLIST_FILE = rainishinyTests/Info.plist;
				LD_RUNPATH_SEARCH_PATHS = (
					"$(inherited)",
					"@executable_path/Frameworks",
					"@loader_path/Frameworks",
				);
				PRODUCT_BUNDLE_IDENTIFIER = com.josehernandez.rainishinyTests;
				PRODUCT_NAME = "$(TARGET_NAME)";
				SWIFT_VERSION = 4.0;
				TARGETED_DEVICE_FAMILY = "1,2";
				TEST_HOST = "$(BUILT_PRODUCTS_DIR)/rainishiny.app/rainishiny";
			};
			name = Release;
		};
		E84743E920A15F0100E5A3EB /* Debug */ = {
			isa = XCBuildConfiguration;
			baseConfigurationReference = EEA423B334B829B16F537C7B /* Pods-rainishinyUITests.debug.xcconfig */;
			buildSettings = {
				ALWAYS_EMBED_SWIFT_STANDARD_LIBRARIES = YES;
				CODE_SIGN_STYLE = Automatic;
				INFOPLIST_FILE = rainishinyUITests/Info.plist;
				LD_RUNPATH_SEARCH_PATHS = (
					"$(inherited)",
					"@executable_path/Frameworks",
					"@loader_path/Frameworks",
				);
				PRODUCT_BUNDLE_IDENTIFIER = com.josehernandez.rainishinyUITests;
				PRODUCT_NAME = "$(TARGET_NAME)";
				SWIFT_VERSION = 4.0;
				TARGETED_DEVICE_FAMILY = "1,2";
				TEST_TARGET_NAME = rainishiny;
			};
			name = Debug;
		};
		E84743EA20A15F0100E5A3EB /* Release */ = {
			isa = XCBuildConfiguration;
			baseConfigurationReference = 7C2246882702694D9DC2564A /* Pods-rainishinyUITests.release.xcconfig */;
			buildSettings = {
				ALWAYS_EMBED_SWIFT_STANDARD_LIBRARIES = YES;
				CODE_SIGN_STYLE = Automatic;
				INFOPLIST_FILE = rainishinyUITests/Info.plist;
				LD_RUNPATH_SEARCH_PATHS = (
					"$(inherited)",
					"@executable_path/Frameworks",
					"@loader_path/Frameworks",
				);
				PRODUCT_BUNDLE_IDENTIFIER = com.josehernandez.rainishinyUITests;
				PRODUCT_NAME = "$(TARGET_NAME)";
				SWIFT_VERSION = 4.0;
				TARGETED_DEVICE_FAMILY = "1,2";
				TEST_TARGET_NAME = rainishiny;
			};
			name = Release;
		};
/* End XCBuildConfiguration section */

/* Begin XCConfigurationList section */
		E84743B520A15EFF00E5A3EB /* Build configuration list for PBXProject "rainishiny" */ = {
			isa = XCConfigurationList;
			buildConfigurations = (
				E84743E020A15F0100E5A3EB /* Debug */,
				E84743E120A15F0100E5A3EB /* Release */,
			);
			defaultConfigurationIsVisible = 0;
			defaultConfigurationName = Release;
		};
		E84743E220A15F0100E5A3EB /* Build configuration list for PBXNativeTarget "rainishiny" */ = {
			isa = XCConfigurationList;
			buildConfigurations = (
				E84743E320A15F0100E5A3EB /* Debug */,
				E84743E420A15F0100E5A3EB /* Release */,
			);
			defaultConfigurationIsVisible = 0;
			defaultConfigurationName = Release;
		};
		E84743E520A15F0100E5A3EB /* Build configuration list for PBXNativeTarget "rainishinyTests" */ = {
			isa = XCConfigurationList;
			buildConfigurations = (
				E84743E620A15F0100E5A3EB /* Debug */,
				E84743E720A15F0100E5A3EB /* Release */,
			);
			defaultConfigurationIsVisible = 0;
			defaultConfigurationName = Release;
		};
		E84743E820A15F0100E5A3EB /* Build configuration list for PBXNativeTarget "rainishinyUITests" */ = {
			isa = XCConfigurationList;
			buildConfigurations = (
				E84743E920A15F0100E5A3EB /* Debug */,
				E84743EA20A15F0100E5A3EB /* Release */,
			);
			defaultConfigurationIsVisible = 0;
			defaultConfigurationName = Release;
		};
/* End XCConfigurationList section */
	};
	rootObject = E84743B220A15EFF00E5A3EB /* Project object */;
}
